
Microsoft Visual Studio Solution File, Format Version 12.00
# Visual Studio 2012
Project("{FAE04EC0-301F-11D3-BF4B-00C04F79EFBC}") = "layoff", "layoff.csproj", "{759CE2BB-EA9F-4AF7-8DE2-F020FA4CF1C5}"
EndProject
Global
	GlobalSection(SolutionConfigurationPlatforms) = preSolution
		Debug|x64 = Debug|x64
		Release|x64 = Release|x64
	EndGlobalSection
	GlobalSection(ProjectConfigurationPlatforms) = postSolution
		{759CE2BB-EA9F-4AF7-8DE2-F020FA4CF1C5}.Debug|x64.ActiveCfg = Debug|x64
		{759CE2BB-EA9F-4AF7-8DE2-F020FA4CF1C5}.Debug|x64.Build.0 = Debug|x64
		{759CE2BB-EA9F-4AF7-8DE2-F020FA4CF1C5}.Release|x64.ActiveCfg = Release|x64
		{759CE2BB-EA9F-4AF7-8DE2-F020FA4CF1C5}.Release|x64.Build.0 = Release|x64
	EndGlobalSection
	GlobalSection(SolutionProperties) = preSolution
		HideSolutionNode = FALSE
	EndGlobalSection
EndGlobal
